{
  "name": "d3 Drawer",
  "lockfileVersion": 2,
  "requires": true,
  "packages": {
    "": {
      "dependencies": {
        "chord-identifier": "^1.0.0"
      }
    },
    "node_modules/chord-identifier": {
      "version": "1.0.0",
      "resolved": "https://registry.npmjs.org/chord-identifier/-/chord-identifier-1.0.0.tgz",
      "integrity": "sha512-9oMbjz8qOH8iLW8ICjVWbf/Eh1XctXbsz8Ld0fnNcWixwD1/pcCRD6RP2pqo/JWam6cVcFub61Lz+52IuNRyag=="
    }
  },
  "dependencies": {
    "chord-identifier": {
      "version": "1.0.0",
      "resolved": "https://registry.npmjs.org/chord-identifier/-/chord-identifier-1.0.0.tgz",
      "integrity": "sha512-9oMbjz8qOH8iLW8ICjVWbf/Eh1XctXbsz8Ld0fnNcWixwD1/pcCRD6RP2pqo/JWam6cVcFub61Lz+52IuNRyag=="
    }
  }
}
